{
  "nodes": {
    "android-nixpkgs": {
      "inputs": {
        "devshell": "devshell",
        "flake-utils": "flake-utils_2",
        "nixpkgs": "nixpkgs_2"
      },
      "locked": {
        "lastModified": 1720988234,
        "narHash": "sha256-OzqdY+tTyT6bPNi/jFt2lFmy3nLr7qyhm+0hd5QovgY=",
        "owner": "tadfisher",
        "repo": "android-nixpkgs",
        "rev": "4aeeeec599210e54aee0ac31d4fcb512f87351a0",
        "type": "github"
      },
      "original": {
        "owner": "tadfisher",
        "repo": "android-nixpkgs",
        "rev": "4aeeeec599210e54aee0ac31d4fcb512f87351a0",
        "type": "github"
      }
    },
    "crane": {
      "locked": {
        "lastModified": 1727974419,
        "narHash": "sha256-WD0//20h+2/yPGkO88d2nYbb23WMWYvnRyDQ9Dx4UHg=",
        "owner": "ipetkov",
        "repo": "crane",
        "rev": "37e4f9f0976cb9281cd3f0c70081e5e0ecaee93f",
        "type": "github"
      },
      "original": {
        "owner": "ipetkov",
        "repo": "crane",
        "type": "github"
      }
    },
    "crane_2": {
      "locked": {
        "lastModified": 1727974419,
        "narHash": "sha256-WD0//20h+2/yPGkO88d2nYbb23WMWYvnRyDQ9Dx4UHg=",
        "owner": "ipetkov",
        "repo": "crane",
        "rev": "37e4f9f0976cb9281cd3f0c70081e5e0ecaee93f",
        "type": "github"
      },
      "original": {
        "owner": "ipetkov",
        "repo": "crane",
        "type": "github"
      }
    },
    "crane_3": {
      "locked": {
        "lastModified": 1727974419,
        "narHash": "sha256-WD0//20h+2/yPGkO88d2nYbb23WMWYvnRyDQ9Dx4UHg=",
        "owner": "ipetkov",
        "repo": "crane",
        "rev": "37e4f9f0976cb9281cd3f0c70081e5e0ecaee93f",
        "type": "github"
      },
      "original": {
        "owner": "ipetkov",
        "repo": "crane",
        "type": "github"
      }
    },
    "crane_4": {
      "locked": {
        "lastModified": 1727974419,
        "narHash": "sha256-WD0//20h+2/yPGkO88d2nYbb23WMWYvnRyDQ9Dx4UHg=",
        "owner": "ipetkov",
        "repo": "crane",
        "rev": "37e4f9f0976cb9281cd3f0c70081e5e0ecaee93f",
        "type": "github"
      },
      "original": {
        "owner": "ipetkov",
        "repo": "crane",
        "type": "github"
      }
    },
    "devshell": {
      "inputs": {
        "flake-utils": "flake-utils",
        "nixpkgs": [
          "p2p-shipyard",
          "android-nixpkgs",
          "nixpkgs"
        ]
      },
      "locked": {
        "lastModified": 1717408969,
        "narHash": "sha256-Q0OEFqe35fZbbRPPRdrjTUUChKVhhWXz3T9ZSKmaoVY=",
        "owner": "numtide",
        "repo": "devshell",
        "rev": "1ebbe68d57457c8cae98145410b164b5477761f4",
        "type": "github"
      },
      "original": {
        "owner": "numtide",
        "repo": "devshell",
        "type": "github"
      }
    },
    "flake-parts": {
      "inputs": {
        "nixpkgs-lib": "nixpkgs-lib"
      },
      "locked": {
        "lastModified": 1727826117,
        "narHash": "sha256-K5ZLCyfO/Zj9mPFldf3iwS6oZStJcU4tSpiXTMYaaL0=",
        "owner": "hercules-ci",
        "repo": "flake-parts",
        "rev": "3d04084d54bedc3d6b8b736c70ef449225c361b1",
        "type": "github"
      },
      "original": {
        "owner": "hercules-ci",
        "repo": "flake-parts",
        "type": "github"
      }
    },
    "flake-parts_2": {
      "inputs": {
        "nixpkgs-lib": "nixpkgs-lib_2"
      },
      "locked": {
        "lastModified": 1727826117,
        "narHash": "sha256-K5ZLCyfO/Zj9mPFldf3iwS6oZStJcU4tSpiXTMYaaL0=",
        "owner": "hercules-ci",
        "repo": "flake-parts",
        "rev": "3d04084d54bedc3d6b8b736c70ef449225c361b1",
        "type": "github"
      },
      "original": {
        "owner": "hercules-ci",
        "repo": "flake-parts",
        "type": "github"
      }
    },
    "flake-parts_3": {
      "inputs": {
        "nixpkgs-lib": "nixpkgs-lib_3"
      },
      "locked": {
        "lastModified": 1727826117,
        "narHash": "sha256-K5ZLCyfO/Zj9mPFldf3iwS6oZStJcU4tSpiXTMYaaL0=",
        "owner": "hercules-ci",
        "repo": "flake-parts",
        "rev": "3d04084d54bedc3d6b8b736c70ef449225c361b1",
        "type": "github"
      },
      "original": {
        "owner": "hercules-ci",
        "repo": "flake-parts",
        "type": "github"
      }
    },
    "flake-parts_4": {
      "inputs": {
        "nixpkgs-lib": "nixpkgs-lib_4"
      },
      "locked": {
        "lastModified": 1727826117,
        "narHash": "sha256-K5ZLCyfO/Zj9mPFldf3iwS6oZStJcU4tSpiXTMYaaL0=",
        "owner": "hercules-ci",
        "repo": "flake-parts",
        "rev": "3d04084d54bedc3d6b8b736c70ef449225c361b1",
        "type": "github"
      },
      "original": {
        "owner": "hercules-ci",
        "repo": "flake-parts",
        "type": "github"
      }
    },
    "flake-utils": {
      "inputs": {
        "systems": "systems"
      },
      "locked": {
        "lastModified": 1701680307,
        "narHash": "sha256-kAuep2h5ajznlPMD9rnQyffWG8EM/C73lejGofXvdM8=",
        "owner": "numtide",
        "repo": "flake-utils",
        "rev": "4022d587cbbfd70fe950c1e2083a02621806a725",
        "type": "github"
      },
      "original": {
        "owner": "numtide",
        "repo": "flake-utils",
        "type": "github"
      }
    },
    "flake-utils_2": {
      "inputs": {
        "systems": "systems_2"
      },
      "locked": {
        "lastModified": 1710146030,
        "narHash": "sha256-SZ5L6eA7HJ/nmkzGG7/ISclqe6oZdOZTNoesiInkXPQ=",
        "owner": "numtide",
        "repo": "flake-utils",
        "rev": "b1d9ab70662946ef0850d488da1c9019f3a9752a",
        "type": "github"
      },
      "original": {
        "owner": "numtide",
        "repo": "flake-utils",
        "type": "github"
      }
    },
    "hc-launch": {
      "flake": false,
      "locked": {
        "lastModified": 1727250978,
        "narHash": "sha256-6u/VjFRV4eQQS4H0he7C0n7uNjzBBtkeoyN46jTO0mc=",
        "owner": "holochain",
        "repo": "hc-launch",
        "rev": "92afce654187be5abef67d34df20bd6464524cf3",
        "type": "github"
      },
      "original": {
        "owner": "holochain",
        "ref": "holochain-weekly",
        "repo": "hc-launch",
        "type": "github"
      }
    },
    "hc-launch_2": {
      "flake": false,
      "locked": {
        "lastModified": 1727250978,
        "narHash": "sha256-6u/VjFRV4eQQS4H0he7C0n7uNjzBBtkeoyN46jTO0mc=",
        "owner": "holochain",
        "repo": "hc-launch",
        "rev": "92afce654187be5abef67d34df20bd6464524cf3",
        "type": "github"
      },
      "original": {
        "owner": "holochain",
        "ref": "holochain-weekly",
        "repo": "hc-launch",
        "type": "github"
      }
    },
    "hc-launch_3": {
      "flake": false,
      "locked": {
        "lastModified": 1727250978,
        "narHash": "sha256-6u/VjFRV4eQQS4H0he7C0n7uNjzBBtkeoyN46jTO0mc=",
        "owner": "holochain",
        "repo": "hc-launch",
        "rev": "92afce654187be5abef67d34df20bd6464524cf3",
        "type": "github"
      },
      "original": {
        "owner": "holochain",
        "ref": "holochain-weekly",
        "repo": "hc-launch",
        "type": "github"
      }
    },
    "hc-launch_4": {
      "flake": false,
      "locked": {
        "lastModified": 1727250978,
        "narHash": "sha256-6u/VjFRV4eQQS4H0he7C0n7uNjzBBtkeoyN46jTO0mc=",
        "owner": "holochain",
        "repo": "hc-launch",
        "rev": "92afce654187be5abef67d34df20bd6464524cf3",
        "type": "github"
      },
      "original": {
        "owner": "holochain",
        "ref": "holochain-weekly",
        "repo": "hc-launch",
        "type": "github"
      }
    },
    "hc-scaffold": {
      "flake": false,
      "locked": {
        "lastModified": 1728659843,
        "narHash": "sha256-3A15jw8uf5t8mONlAtJngDB+n0wNKA3cB+lZ2mHF/RY=",
        "owner": "holochain",
        "repo": "scaffolding",
        "rev": "d36abccbfbff833a8eb73b38be848856b0d38f53",
        "type": "github"
      },
      "original": {
        "owner": "holochain",
        "ref": "holochain-weekly",
        "repo": "scaffolding",
        "type": "github"
      }
    },
    "hc-scaffold_2": {
      "flake": false,
      "locked": {
        "lastModified": 1730407032,
        "narHash": "sha256-NNnow8Cne1KBJ4WvJ6eT1OzcqyJiii35Q2ElVdI0ozA=",
        "owner": "holochain",
        "repo": "scaffolding",
        "rev": "f838294a3c4f45b3e8e41297ea36eb91cfedee80",
        "type": "github"
      },
      "original": {
        "owner": "holochain",
        "ref": "holochain-weekly",
        "repo": "scaffolding",
        "type": "github"
      }
    },
    "hc-scaffold_3": {
      "flake": false,
      "locked": {
        "lastModified": 1730407032,
        "narHash": "sha256-NNnow8Cne1KBJ4WvJ6eT1OzcqyJiii35Q2ElVdI0ozA=",
        "owner": "holochain",
        "repo": "scaffolding",
        "rev": "f838294a3c4f45b3e8e41297ea36eb91cfedee80",
        "type": "github"
      },
      "original": {
        "owner": "holochain",
        "ref": "holochain-weekly",
        "repo": "scaffolding",
        "type": "github"
      }
    },
    "hc-scaffold_4": {
      "flake": false,
      "locked": {
        "lastModified": 1730407032,
        "narHash": "sha256-NNnow8Cne1KBJ4WvJ6eT1OzcqyJiii35Q2ElVdI0ozA=",
        "owner": "holochain",
        "repo": "scaffolding",
        "rev": "f838294a3c4f45b3e8e41297ea36eb91cfedee80",
        "type": "github"
      },
      "original": {
        "owner": "holochain",
        "ref": "holochain-weekly",
        "repo": "scaffolding",
        "type": "github"
      }
    },
    "holochain": {
      "flake": false,
      "locked": {
        "lastModified": 1728079169,
        "narHash": "sha256-sbQiTsh5dhI8ioQIfYkdNsCQCCT+vef+RhXumvYiVQQ=",
        "owner": "holochain",
        "repo": "holochain",
        "rev": "d2868417b921850206247595f0e00d6eaf1b84f2",
        "type": "github"
      },
      "original": {
        "owner": "holochain",
        "ref": "holochain-0.4.0-rc.0",
        "repo": "holochain",
        "type": "github"
      }
    },
    "holochain_2": {
      "flake": false,
      "locked": {
        "lastModified": 1730855012,
        "narHash": "sha256-oW4d2DRHxktRkkGbilWL8ZufXfA3vGeMXLnLgi12Ewk=",
        "owner": "holochain",
        "repo": "holochain",
        "rev": "525b63fb019eac866e096033ba194c2d8bb45b9a",
        "type": "github"
      },
      "original": {
        "owner": "holochain",
        "ref": "holochain-0.5.0-dev.4",
        "repo": "holochain",
        "type": "github"
      }
    },
    "holochain_3": {
      "flake": false,
      "locked": {
        "lastModified": 1728079169,
        "narHash": "sha256-sbQiTsh5dhI8ioQIfYkdNsCQCCT+vef+RhXumvYiVQQ=",
        "owner": "holochain",
        "repo": "holochain",
        "rev": "d2868417b921850206247595f0e00d6eaf1b84f2",
        "type": "github"
      },
      "original": {
        "owner": "holochain",
        "ref": "holochain-0.4.0-rc.0",
        "repo": "holochain",
        "type": "github"
      }
    },
    "holochain_4": {
      "flake": false,
      "locked": {
        "lastModified": 1728079169,
        "narHash": "sha256-sbQiTsh5dhI8ioQIfYkdNsCQCCT+vef+RhXumvYiVQQ=",
        "owner": "holochain",
        "repo": "holochain",
        "rev": "d2868417b921850206247595f0e00d6eaf1b84f2",
        "type": "github"
      },
      "original": {
        "owner": "holochain",
        "ref": "holochain-0.4.0-rc.0",
        "repo": "holochain",
        "type": "github"
      }
    },
    "holonix": {
      "inputs": {
        "crane": "crane",
        "flake-parts": "flake-parts",
        "hc-launch": "hc-launch",
        "hc-scaffold": "hc-scaffold",
        "holochain": "holochain",
        "lair-keystore": "lair-keystore",
        "nixpkgs": "nixpkgs",
        "rust-overlay": "rust-overlay"
      },
      "locked": {
        "lastModified": 1730894004,
        "narHash": "sha256-MFSGL9sAO4u/EqWYD1fTx/M6S1bgwFc1xEPwsp4Jykg=",
        "owner": "holochain",
        "repo": "holonix",
        "rev": "aa4ace10500b399a75970ee809937cd65c157f24",
        "type": "github"
      },
      "original": {
        "owner": "holochain",
        "ref": "main-0.4",
        "repo": "holonix",
        "type": "github"
      }
    },
    "holonix_2": {
      "inputs": {
        "crane": "crane_2",
        "flake-parts": "flake-parts_2",
        "hc-launch": "hc-launch_2",
        "hc-scaffold": "hc-scaffold_2",
        "holochain": "holochain_2",
        "lair-keystore": "lair-keystore_2",
        "nixpkgs": "nixpkgs_3",
        "rust-overlay": "rust-overlay_2"
      },
      "locked": {
        "lastModified": 1730912125,
        "narHash": "sha256-zKdkSsd5d6OtY9YgBh42Pkx0NqyquWy3uktB606FZ/g=",
        "owner": "holochain",
        "repo": "holonix",
        "rev": "3919d71452577ccfe094a5ec3ce9581b959bb099",
        "type": "github"
      },
      "original": {
        "owner": "holochain",
        "repo": "holonix",
        "type": "github"
      }
    },
    "holonix_3": {
      "inputs": {
        "crane": "crane_3",
        "flake-parts": "flake-parts_3",
        "hc-launch": "hc-launch_3",
        "hc-scaffold": "hc-scaffold_3",
        "holochain": "holochain_3",
        "lair-keystore": "lair-keystore_3",
        "nixpkgs": "nixpkgs_4",
        "rust-overlay": "rust-overlay_3"
      },
      "locked": {
        "lastModified": 1730894004,
        "narHash": "sha256-MFSGL9sAO4u/EqWYD1fTx/M6S1bgwFc1xEPwsp4Jykg=",
        "owner": "holochain",
        "repo": "holonix",
        "rev": "aa4ace10500b399a75970ee809937cd65c157f24",
        "type": "github"
      },
      "original": {
        "owner": "holochain",
        "ref": "main-0.4",
        "repo": "holonix",
        "type": "github"
      }
    },
    "holonix_4": {
      "inputs": {
        "crane": "crane_4",
        "flake-parts": "flake-parts_4",
        "hc-launch": "hc-launch_4",
        "hc-scaffold": "hc-scaffold_4",
        "holochain": "holochain_4",
        "lair-keystore": "lair-keystore_4",
        "nixpkgs": "nixpkgs_5",
        "rust-overlay": "rust-overlay_4"
      },
      "locked": {
        "lastModified": 1730894004,
        "narHash": "sha256-MFSGL9sAO4u/EqWYD1fTx/M6S1bgwFc1xEPwsp4Jykg=",
        "owner": "holochain",
        "repo": "holonix",
        "rev": "aa4ace10500b399a75970ee809937cd65c157f24",
        "type": "github"
      },
      "original": {
        "owner": "holochain",
        "ref": "main-0.4",
        "repo": "holonix",
        "type": "github"
      }
    },
    "lair-keystore": {
      "flake": false,
      "locked": {
        "lastModified": 1726865440,
        "narHash": "sha256-+ARQs+Sfmh8QXMyjjHjm6Ib8Ag86Jm2vnyB6l3zTCgA=",
        "owner": "holochain",
        "repo": "lair",
        "rev": "9f306efed597765b70da704e1739ecc67f2510e0",
        "type": "github"
      },
      "original": {
        "owner": "holochain",
        "ref": "lair_keystore-v0.5.2",
        "repo": "lair",
        "type": "github"
      }
    },
    "lair-keystore_2": {
      "flake": false,
      "locked": {
        "lastModified": 1726865440,
        "narHash": "sha256-+ARQs+Sfmh8QXMyjjHjm6Ib8Ag86Jm2vnyB6l3zTCgA=",
        "owner": "holochain",
        "repo": "lair",
        "rev": "9f306efed597765b70da704e1739ecc67f2510e0",
        "type": "github"
      },
      "original": {
        "owner": "holochain",
        "ref": "lair_keystore-v0.5.2",
        "repo": "lair",
        "type": "github"
      }
    },
    "lair-keystore_3": {
      "flake": false,
      "locked": {
        "lastModified": 1726865440,
        "narHash": "sha256-+ARQs+Sfmh8QXMyjjHjm6Ib8Ag86Jm2vnyB6l3zTCgA=",
        "owner": "holochain",
        "repo": "lair",
        "rev": "9f306efed597765b70da704e1739ecc67f2510e0",
        "type": "github"
      },
      "original": {
        "owner": "holochain",
        "ref": "lair_keystore-v0.5.2",
        "repo": "lair",
        "type": "github"
      }
    },
    "lair-keystore_4": {
      "flake": false,
      "locked": {
        "lastModified": 1726865440,
        "narHash": "sha256-+ARQs+Sfmh8QXMyjjHjm6Ib8Ag86Jm2vnyB6l3zTCgA=",
        "owner": "holochain",
        "repo": "lair",
        "rev": "9f306efed597765b70da704e1739ecc67f2510e0",
        "type": "github"
      },
      "original": {
        "owner": "holochain",
        "ref": "lair_keystore-v0.5.2",
        "repo": "lair",
        "type": "github"
      }
    },
    "nixpkgs": {
      "locked": {
        "lastModified": 1717179513,
        "narHash": "sha256-vboIEwIQojofItm2xGCdZCzW96U85l9nDW3ifMuAIdM=",
        "owner": "nixos",
        "repo": "nixpkgs",
        "rev": "63dacb46bf939521bdc93981b4cbb7ecb58427a0",
        "type": "github"
      },
      "original": {
        "owner": "nixos",
        "ref": "24.05",
        "repo": "nixpkgs",
        "type": "github"
      }
    },
    "nixpkgs-lib": {
      "locked": {
        "lastModified": 1727825735,
        "narHash": "sha256-0xHYkMkeLVQAMa7gvkddbPqpxph+hDzdu1XdGPJR+Os=",
        "type": "tarball",
        "url": "https://github.com/NixOS/nixpkgs/archive/fb192fec7cc7a4c26d51779e9bab07ce6fa5597a.tar.gz"
      },
      "original": {
        "type": "tarball",
        "url": "https://github.com/NixOS/nixpkgs/archive/fb192fec7cc7a4c26d51779e9bab07ce6fa5597a.tar.gz"
      }
    },
    "nixpkgs-lib_2": {
      "locked": {
        "lastModified": 1727825735,
        "narHash": "sha256-0xHYkMkeLVQAMa7gvkddbPqpxph+hDzdu1XdGPJR+Os=",
        "type": "tarball",
        "url": "https://github.com/NixOS/nixpkgs/archive/fb192fec7cc7a4c26d51779e9bab07ce6fa5597a.tar.gz"
      },
      "original": {
        "type": "tarball",
        "url": "https://github.com/NixOS/nixpkgs/archive/fb192fec7cc7a4c26d51779e9bab07ce6fa5597a.tar.gz"
      }
    },
    "nixpkgs-lib_3": {
      "locked": {
        "lastModified": 1727825735,
        "narHash": "sha256-0xHYkMkeLVQAMa7gvkddbPqpxph+hDzdu1XdGPJR+Os=",
        "type": "tarball",
        "url": "https://github.com/NixOS/nixpkgs/archive/fb192fec7cc7a4c26d51779e9bab07ce6fa5597a.tar.gz"
      },
      "original": {
        "type": "tarball",
        "url": "https://github.com/NixOS/nixpkgs/archive/fb192fec7cc7a4c26d51779e9bab07ce6fa5597a.tar.gz"
      }
    },
    "nixpkgs-lib_4": {
      "locked": {
        "lastModified": 1727825735,
        "narHash": "sha256-0xHYkMkeLVQAMa7gvkddbPqpxph+hDzdu1XdGPJR+Os=",
        "type": "tarball",
        "url": "https://github.com/NixOS/nixpkgs/archive/fb192fec7cc7a4c26d51779e9bab07ce6fa5597a.tar.gz"
      },
      "original": {
        "type": "tarball",
        "url": "https://github.com/NixOS/nixpkgs/archive/fb192fec7cc7a4c26d51779e9bab07ce6fa5597a.tar.gz"
      }
    },
    "nixpkgs_2": {
      "locked": {
        "lastModified": 1720768451,
        "narHash": "sha256-EYekUHJE2gxeo2pM/zM9Wlqw1Uw2XTJXOSAO79ksc4Y=",
        "owner": "NixOS",
        "repo": "nixpkgs",
        "rev": "7e7c39ea35c5cdd002cd4588b03a3fb9ece6fad9",
        "type": "github"
      },
      "original": {
        "owner": "NixOS",
        "ref": "nixos-unstable",
        "repo": "nixpkgs",
        "type": "github"
      }
    },
    "nixpkgs_3": {
      "locked": {
        "lastModified": 1717179513,
        "narHash": "sha256-vboIEwIQojofItm2xGCdZCzW96U85l9nDW3ifMuAIdM=",
        "owner": "nixos",
        "repo": "nixpkgs",
        "rev": "63dacb46bf939521bdc93981b4cbb7ecb58427a0",
        "type": "github"
      },
      "original": {
        "owner": "nixos",
        "ref": "24.05",
        "repo": "nixpkgs",
        "type": "github"
      }
    },
    "nixpkgs_4": {
      "locked": {
        "lastModified": 1717179513,
        "narHash": "sha256-vboIEwIQojofItm2xGCdZCzW96U85l9nDW3ifMuAIdM=",
        "owner": "nixos",
        "repo": "nixpkgs",
        "rev": "63dacb46bf939521bdc93981b4cbb7ecb58427a0",
        "type": "github"
      },
      "original": {
        "owner": "nixos",
        "ref": "24.05",
        "repo": "nixpkgs",
        "type": "github"
      }
    },
    "nixpkgs_5": {
      "locked": {
        "lastModified": 1717179513,
        "narHash": "sha256-vboIEwIQojofItm2xGCdZCzW96U85l9nDW3ifMuAIdM=",
        "owner": "nixos",
        "repo": "nixpkgs",
        "rev": "63dacb46bf939521bdc93981b4cbb7ecb58427a0",
        "type": "github"
      },
      "original": {
        "owner": "nixos",
        "ref": "24.05",
        "repo": "nixpkgs",
        "type": "github"
      }
    },
    "p2p-shipyard": {
      "inputs": {
        "android-nixpkgs": "android-nixpkgs",
        "crane": [
          "p2p-shipyard",
          "holonix",
          "crane"
        ],
        "holonix": "holonix_2",
        "nixpkgs": [
          "p2p-shipyard",
          "tnesh-stack",
          "nixpkgs"
        ],
        "rust-overlay": [
          "p2p-shipyard",
          "holonix",
          "rust-overlay"
        ],
        "tnesh-stack": "tnesh-stack",
        "webkitgtknixpkgs": "webkitgtknixpkgs"
      },
      "locked": {
        "lastModified": 1730978668,
        "narHash": "sha256-ZK+yh4g6Up8fY17QMlpmD+jQ05exi1en4KTryK1M0ek=",
        "owner": "darksoil-studio",
        "repo": "p2p-shipyard",
        "rev": "ccf294e997404591060da2cc52fa8f8af7d148eb",
        "type": "github"
      },
      "original": {
        "owner": "darksoil-studio",
        "ref": "main-0.4",
        "repo": "p2p-shipyard",
        "type": "github"
      }
    },
    "pnpmnixpkgs": {
      "locked": {
        "lastModified": 1730741070,
        "narHash": "sha256-edm8WG19kWozJ/GqyYx2VjW99EdhjKwbY3ZwdlPAAlo=",
        "owner": "nixos",
        "repo": "nixpkgs",
        "rev": "d063c1dd113c91ab27959ba540c0d9753409edf3",
        "type": "github"
      },
      "original": {
        "owner": "nixos",
        "ref": "nixos-24.05",
        "repo": "nixpkgs",
        "type": "github"
      }
    },
    "pnpmnixpkgs_2": {
      "locked": {
        "lastModified": 1730741070,
        "narHash": "sha256-edm8WG19kWozJ/GqyYx2VjW99EdhjKwbY3ZwdlPAAlo=",
        "owner": "nixos",
        "repo": "nixpkgs",
        "rev": "d063c1dd113c91ab27959ba540c0d9753409edf3",
        "type": "github"
      },
      "original": {
        "owner": "nixos",
        "ref": "nixos-24.05",
        "repo": "nixpkgs",
        "type": "github"
      }
    },
    "root": {
      "inputs": {
        "holonix": "holonix",
        "nixpkgs": [
          "holonix",
          "nixpkgs"
        ],
        "p2p-shipyard": "p2p-shipyard",
        "tnesh-stack": "tnesh-stack_2"
      }
    },
    "rust-overlay": {
      "inputs": {
        "nixpkgs": [
          "holonix",
          "nixpkgs"
        ]
      },
      "locked": {
        "lastModified": 1728268235,
        "narHash": "sha256-lJMFnMO4maJuNO6PQ5fZesrTmglze3UFTTBuKGwR1Nw=",
        "owner": "oxalica",
        "repo": "rust-overlay",
        "rev": "25685cc2c7054efc31351c172ae77b21814f2d42",
        "type": "github"
      },
      "original": {
        "owner": "oxalica",
        "repo": "rust-overlay",
        "type": "github"
      }
    },
    "rust-overlay_2": {
      "inputs": {
        "nixpkgs": [
          "p2p-shipyard",
          "holonix",
          "nixpkgs"
        ]
      },
      "locked": {
        "lastModified": 1728268235,
        "narHash": "sha256-lJMFnMO4maJuNO6PQ5fZesrTmglze3UFTTBuKGwR1Nw=",
        "owner": "oxalica",
        "repo": "rust-overlay",
        "rev": "25685cc2c7054efc31351c172ae77b21814f2d42",
        "type": "github"
      },
      "original": {
        "owner": "oxalica",
        "repo": "rust-overlay",
        "type": "github"
      }
    },
    "rust-overlay_3": {
      "inputs": {
        "nixpkgs": [
          "p2p-shipyard",
          "tnesh-stack",
          "holonix",
          "nixpkgs"
        ]
      },
      "locked": {
        "lastModified": 1728268235,
        "narHash": "sha256-lJMFnMO4maJuNO6PQ5fZesrTmglze3UFTTBuKGwR1Nw=",
        "owner": "oxalica",
        "repo": "rust-overlay",
        "rev": "25685cc2c7054efc31351c172ae77b21814f2d42",
        "type": "github"
      },
      "original": {
        "owner": "oxalica",
        "repo": "rust-overlay",
        "type": "github"
      }
    },
    "rust-overlay_4": {
      "inputs": {
        "nixpkgs": [
          "tnesh-stack",
          "holonix",
          "nixpkgs"
        ]
      },
      "locked": {
        "lastModified": 1728268235,
        "narHash": "sha256-lJMFnMO4maJuNO6PQ5fZesrTmglze3UFTTBuKGwR1Nw=",
        "owner": "oxalica",
        "repo": "rust-overlay",
        "rev": "25685cc2c7054efc31351c172ae77b21814f2d42",
        "type": "github"
      },
      "original": {
        "owner": "oxalica",
        "repo": "rust-overlay",
        "type": "github"
      }
    },
    "systems": {
      "locked": {
        "lastModified": 1681028828,
        "narHash": "sha256-Vy1rq5AaRuLzOxct8nz4T6wlgyUR7zLU309k9mBC768=",
        "owner": "nix-systems",
        "repo": "default",
        "rev": "da67096a3b9bf56a91d16901293e51ba5b49a27e",
        "type": "github"
      },
      "original": {
        "owner": "nix-systems",
        "repo": "default",
        "type": "github"
      }
    },
    "systems_2": {
      "locked": {
        "lastModified": 1681028828,
        "narHash": "sha256-Vy1rq5AaRuLzOxct8nz4T6wlgyUR7zLU309k9mBC768=",
        "owner": "nix-systems",
        "repo": "default",
        "rev": "da67096a3b9bf56a91d16901293e51ba5b49a27e",
        "type": "github"
      },
      "original": {
        "owner": "nix-systems",
        "repo": "default",
        "type": "github"
      }
    },
    "tnesh-stack": {
      "inputs": {
        "crane": [
          "p2p-shipyard",
          "tnesh-stack",
          "holonix",
          "crane"
        ],
        "holonix": "holonix_3",
        "nixpkgs": [
          "p2p-shipyard",
          "tnesh-stack",
          "holonix",
          "nixpkgs"
        ],
        "pnpmnixpkgs": "pnpmnixpkgs",
        "rust-overlay": [
          "p2p-shipyard",
          "tnesh-stack",
          "holonix",
          "rust-overlay"
        ]
      },
      "locked": {
        "lastModified": 1730977873,
        "narHash": "sha256-DF7NpSHWuM7PZIl7v+UBFhkzv+eKt4zkwym5QZDTqKY=",
        "owner": "darksoil-studio",
        "repo": "tnesh-stack",
        "rev": "f07768f6ea26bdebef3639f18dfc3a8c27b5a7a9",
        "type": "github"
      },
      "original": {
        "owner": "darksoil-studio",
        "ref": "main-0.4",
        "repo": "tnesh-stack",
        "type": "github"
      }
    },
    "tnesh-stack_2": {
      "inputs": {
        "crane": [
          "tnesh-stack",
          "holonix",
          "crane"
        ],
        "holonix": "holonix_4",
        "nixpkgs": [
          "tnesh-stack",
          "holonix",
          "nixpkgs"
        ],
        "pnpmnixpkgs": "pnpmnixpkgs_2",
        "rust-overlay": [
          "tnesh-stack",
          "holonix",
          "rust-overlay"
        ]
      },
      "locked": {
        "lastModified": 1730977873,
        "narHash": "sha256-DF7NpSHWuM7PZIl7v+UBFhkzv+eKt4zkwym5QZDTqKY=",
        "owner": "darksoil-studio",
        "repo": "tnesh-stack",
        "rev": "f07768f6ea26bdebef3639f18dfc3a8c27b5a7a9",
        "type": "github"
      },
      "original": {
        "owner": "darksoil-studio",
        "ref": "main-0.4",
        "repo": "tnesh-stack",
        "type": "github"
      }
    },
    "webkitgtknixpkgs": {
      "locked": {
        "lastModified": 1716358718,
        "narHash": "sha256-NQbegJb2ZZnAqp2EJhWwTf6DrZXSpA6xZCEq+RGV1r0=",
        "owner": "nixos",
        "repo": "nixpkgs",
        "rev": "3f316d2a50699a78afe5e77ca486ad553169061e",
        "type": "github"
      },
      "original": {
        "owner": "nixos",
        "repo": "nixpkgs",
        "rev": "3f316d2a50699a78afe5e77ca486ad553169061e",
        "type": "github"
      }
    }
  },
  "root": "root",
  "version": 7
}
