{
  "nodes": {
    "crane": {
      "locked": {
        "lastModified": 1745022865,
        "narHash": "sha256-tXL4qUlyYZEGOHUKUWjmmcvJjjLQ+4U38lPWSc8Cgdo=",
        "owner": "ipetkov",
        "repo": "crane",
        "rev": "25ca4c50039d91ad88cc0b8feacb9ad7f748dedf",
        "type": "github"
      },
      "original": {
        "owner": "ipetkov",
        "repo": "crane",
        "type": "github"
      }
    },
    "crane_2": {
      "locked": {
        "lastModified": 1745022865,
        "narHash": "sha256-tXL4qUlyYZEGOHUKUWjmmcvJjjLQ+4U38lPWSc8Cgdo=",
        "owner": "ipetkov",
        "repo": "crane",
        "rev": "25ca4c50039d91ad88cc0b8feacb9ad7f748dedf",
        "type": "github"
      },
      "original": {
        "owner": "ipetkov",
        "repo": "crane",
        "type": "github"
      }
    },
    "crane_3": {
      "locked": {
        "lastModified": 1745022865,
        "narHash": "sha256-tXL4qUlyYZEGOHUKUWjmmcvJjjLQ+4U38lPWSc8Cgdo=",
        "owner": "ipetkov",
        "repo": "crane",
        "rev": "25ca4c50039d91ad88cc0b8feacb9ad7f748dedf",
        "type": "github"
      },
      "original": {
        "owner": "ipetkov",
        "repo": "crane",
        "type": "github"
      }
    },
    "crane_4": {
      "locked": {
        "lastModified": 1745022865,
        "narHash": "sha256-tXL4qUlyYZEGOHUKUWjmmcvJjjLQ+4U38lPWSc8Cgdo=",
        "owner": "ipetkov",
        "repo": "crane",
        "rev": "25ca4c50039d91ad88cc0b8feacb9ad7f748dedf",
        "type": "github"
      },
      "original": {
        "owner": "ipetkov",
        "repo": "crane",
        "type": "github"
      }
    },
    "crane_5": {
      "locked": {
        "lastModified": 1743700120,
        "narHash": "sha256-8BjG/P0xnuCyVOXlYRwdI1B8nVtyYLf3oDwPSimqREY=",
        "owner": "ipetkov",
        "repo": "crane",
        "rev": "e316f19ee058e6db50075115783be57ac549c389",
        "type": "github"
      },
      "original": {
        "owner": "ipetkov",
        "repo": "crane",
        "type": "github"
      }
    },
    "crane_6": {
      "locked": {
        "lastModified": 1745022865,
        "narHash": "sha256-tXL4qUlyYZEGOHUKUWjmmcvJjjLQ+4U38lPWSc8Cgdo=",
        "owner": "ipetkov",
        "repo": "crane",
        "rev": "25ca4c50039d91ad88cc0b8feacb9ad7f748dedf",
        "type": "github"
      },
      "original": {
        "owner": "ipetkov",
        "repo": "crane",
        "type": "github"
      }
    },
    "crane_7": {
      "locked": {
        "lastModified": 1743700120,
        "narHash": "sha256-8BjG/P0xnuCyVOXlYRwdI1B8nVtyYLf3oDwPSimqREY=",
        "owner": "ipetkov",
        "repo": "crane",
        "rev": "e316f19ee058e6db50075115783be57ac549c389",
        "type": "github"
      },
      "original": {
        "owner": "ipetkov",
        "repo": "crane",
        "type": "github"
      }
    },
    "flake-parts": {
      "inputs": {
        "nixpkgs-lib": "nixpkgs-lib"
      },
      "locked": {
        "lastModified": 1743550720,
        "narHash": "sha256-hIshGgKZCgWh6AYJpJmRgFdR3WUbkY04o82X05xqQiY=",
        "owner": "hercules-ci",
        "repo": "flake-parts",
        "rev": "c621e8422220273271f52058f618c94e405bb0f5",
        "type": "github"
      },
      "original": {
        "owner": "hercules-ci",
        "repo": "flake-parts",
        "type": "github"
      }
    },
    "flake-parts_2": {
      "inputs": {
        "nixpkgs-lib": "nixpkgs-lib_2"
      },
      "locked": {
        "lastModified": 1743550720,
        "narHash": "sha256-hIshGgKZCgWh6AYJpJmRgFdR3WUbkY04o82X05xqQiY=",
        "owner": "hercules-ci",
        "repo": "flake-parts",
        "rev": "c621e8422220273271f52058f618c94e405bb0f5",
        "type": "github"
      },
      "original": {
        "owner": "hercules-ci",
        "repo": "flake-parts",
        "type": "github"
      }
    },
    "flake-parts_3": {
      "inputs": {
        "nixpkgs-lib": "nixpkgs-lib_3"
      },
      "locked": {
        "lastModified": 1743550720,
        "narHash": "sha256-hIshGgKZCgWh6AYJpJmRgFdR3WUbkY04o82X05xqQiY=",
        "owner": "hercules-ci",
        "repo": "flake-parts",
        "rev": "c621e8422220273271f52058f618c94e405bb0f5",
        "type": "github"
      },
      "original": {
        "owner": "hercules-ci",
        "repo": "flake-parts",
        "type": "github"
      }
    },
    "flake-parts_4": {
      "inputs": {
        "nixpkgs-lib": "nixpkgs-lib_4"
      },
      "locked": {
        "lastModified": 1743550720,
        "narHash": "sha256-hIshGgKZCgWh6AYJpJmRgFdR3WUbkY04o82X05xqQiY=",
        "owner": "hercules-ci",
        "repo": "flake-parts",
        "rev": "c621e8422220273271f52058f618c94e405bb0f5",
        "type": "github"
      },
      "original": {
        "owner": "hercules-ci",
        "repo": "flake-parts",
        "type": "github"
      }
    },
    "flake-parts_5": {
      "inputs": {
        "nixpkgs-lib": "nixpkgs-lib_5"
      },
      "locked": {
        "lastModified": 1743550720,
        "narHash": "sha256-hIshGgKZCgWh6AYJpJmRgFdR3WUbkY04o82X05xqQiY=",
        "owner": "hercules-ci",
        "repo": "flake-parts",
        "rev": "c621e8422220273271f52058f618c94e405bb0f5",
        "type": "github"
      },
      "original": {
        "owner": "hercules-ci",
        "repo": "flake-parts",
        "type": "github"
      }
    },
    "flake-parts_6": {
      "inputs": {
        "nixpkgs-lib": "nixpkgs-lib_6"
      },
      "locked": {
        "lastModified": 1743550720,
        "narHash": "sha256-hIshGgKZCgWh6AYJpJmRgFdR3WUbkY04o82X05xqQiY=",
        "owner": "hercules-ci",
        "repo": "flake-parts",
        "rev": "c621e8422220273271f52058f618c94e405bb0f5",
        "type": "github"
      },
      "original": {
        "owner": "hercules-ci",
        "repo": "flake-parts",
        "type": "github"
      }
    },
    "flake-parts_7": {
      "inputs": {
        "nixpkgs-lib": "nixpkgs-lib_7"
      },
      "locked": {
        "lastModified": 1743550720,
        "narHash": "sha256-hIshGgKZCgWh6AYJpJmRgFdR3WUbkY04o82X05xqQiY=",
        "owner": "hercules-ci",
        "repo": "flake-parts",
        "rev": "c621e8422220273271f52058f618c94e405bb0f5",
        "type": "github"
      },
      "original": {
        "owner": "hercules-ci",
        "repo": "flake-parts",
        "type": "github"
      }
    },
    "hc-launch": {
      "flake": false,
      "locked": {
        "lastModified": 1744836350,
        "narHash": "sha256-3hvPYn3pYVhKoRMqDQDcm//N6EPrAqWn84Nb7vqK4mo=",
        "owner": "holochain",
        "repo": "hc-launch",
        "rev": "65c8c1dccfe60b05faf43934368bacdd35610340",
        "type": "github"
      },
      "original": {
        "owner": "holochain",
        "ref": "holochain-0.5",
        "repo": "hc-launch",
        "type": "github"
      }
    },
    "hc-launch_2": {
      "flake": false,
      "locked": {
        "lastModified": 1744836350,
        "narHash": "sha256-3hvPYn3pYVhKoRMqDQDcm//N6EPrAqWn84Nb7vqK4mo=",
        "owner": "holochain",
        "repo": "hc-launch",
        "rev": "65c8c1dccfe60b05faf43934368bacdd35610340",
        "type": "github"
      },
      "original": {
        "owner": "holochain",
        "ref": "holochain-0.5",
        "repo": "hc-launch",
        "type": "github"
      }
    },
    "hc-launch_3": {
      "flake": false,
      "locked": {
        "lastModified": 1744836350,
        "narHash": "sha256-3hvPYn3pYVhKoRMqDQDcm//N6EPrAqWn84Nb7vqK4mo=",
        "owner": "holochain",
        "repo": "hc-launch",
        "rev": "65c8c1dccfe60b05faf43934368bacdd35610340",
        "type": "github"
      },
      "original": {
        "owner": "holochain",
        "ref": "holochain-0.5",
        "repo": "hc-launch",
        "type": "github"
      }
    },
    "hc-launch_4": {
      "flake": false,
      "locked": {
        "lastModified": 1744836350,
        "narHash": "sha256-3hvPYn3pYVhKoRMqDQDcm//N6EPrAqWn84Nb7vqK4mo=",
        "owner": "holochain",
        "repo": "hc-launch",
        "rev": "65c8c1dccfe60b05faf43934368bacdd35610340",
        "type": "github"
      },
      "original": {
        "owner": "holochain",
        "ref": "holochain-0.5",
        "repo": "hc-launch",
        "type": "github"
      }
    },
    "hc-launch_5": {
      "flake": false,
      "locked": {
        "lastModified": 1744836350,
        "narHash": "sha256-3hvPYn3pYVhKoRMqDQDcm//N6EPrAqWn84Nb7vqK4mo=",
        "owner": "holochain",
        "repo": "hc-launch",
        "rev": "65c8c1dccfe60b05faf43934368bacdd35610340",
        "type": "github"
      },
      "original": {
        "owner": "holochain",
        "ref": "holochain-0.5",
        "repo": "hc-launch",
        "type": "github"
      }
    },
    "hc-launch_6": {
      "flake": false,
      "locked": {
        "lastModified": 1744836350,
        "narHash": "sha256-3hvPYn3pYVhKoRMqDQDcm//N6EPrAqWn84Nb7vqK4mo=",
        "owner": "holochain",
        "repo": "hc-launch",
        "rev": "65c8c1dccfe60b05faf43934368bacdd35610340",
        "type": "github"
      },
      "original": {
        "owner": "holochain",
        "ref": "holochain-0.5",
        "repo": "hc-launch",
        "type": "github"
      }
    },
    "hc-launch_7": {
      "flake": false,
      "locked": {
        "lastModified": 1744836350,
        "narHash": "sha256-3hvPYn3pYVhKoRMqDQDcm//N6EPrAqWn84Nb7vqK4mo=",
        "owner": "holochain",
        "repo": "hc-launch",
        "rev": "65c8c1dccfe60b05faf43934368bacdd35610340",
        "type": "github"
      },
      "original": {
        "owner": "holochain",
        "ref": "holochain-0.5",
        "repo": "hc-launch",
        "type": "github"
      }
    },
    "hc-scaffold": {
      "flake": false,
      "locked": {
        "lastModified": 1743758995,
        "narHash": "sha256-TW5f8o3uJCf+WgPqoo676rmyGtAtUK888TnSyprK3lQ=",
        "owner": "holochain",
        "repo": "scaffolding",
        "rev": "fad2c951aa43b0a340de7cfa6149c5853e45c325",
        "type": "github"
      },
      "original": {
        "owner": "holochain",
        "ref": "holochain-0.5",
        "repo": "scaffolding",
        "type": "github"
      }
    },
    "hc-scaffold_2": {
      "flake": false,
      "locked": {
        "lastModified": 1743758995,
        "narHash": "sha256-TW5f8o3uJCf+WgPqoo676rmyGtAtUK888TnSyprK3lQ=",
        "owner": "holochain",
        "repo": "scaffolding",
        "rev": "fad2c951aa43b0a340de7cfa6149c5853e45c325",
        "type": "github"
      },
      "original": {
        "owner": "holochain",
        "ref": "holochain-0.5",
        "repo": "scaffolding",
        "type": "github"
      }
    },
    "hc-scaffold_3": {
      "flake": false,
      "locked": {
        "lastModified": 1743758995,
        "narHash": "sha256-TW5f8o3uJCf+WgPqoo676rmyGtAtUK888TnSyprK3lQ=",
        "owner": "holochain",
        "repo": "scaffolding",
        "rev": "fad2c951aa43b0a340de7cfa6149c5853e45c325",
        "type": "github"
      },
      "original": {
        "owner": "holochain",
        "ref": "holochain-0.5",
        "repo": "scaffolding",
        "type": "github"
      }
    },
    "hc-scaffold_4": {
      "flake": false,
      "locked": {
        "lastModified": 1743758995,
        "narHash": "sha256-TW5f8o3uJCf+WgPqoo676rmyGtAtUK888TnSyprK3lQ=",
        "owner": "holochain",
        "repo": "scaffolding",
        "rev": "fad2c951aa43b0a340de7cfa6149c5853e45c325",
        "type": "github"
      },
      "original": {
        "owner": "holochain",
        "ref": "holochain-0.5",
        "repo": "scaffolding",
        "type": "github"
      }
    },
    "hc-scaffold_5": {
      "flake": false,
      "locked": {
        "lastModified": 1743758995,
        "narHash": "sha256-TW5f8o3uJCf+WgPqoo676rmyGtAtUK888TnSyprK3lQ=",
        "owner": "holochain",
        "repo": "scaffolding",
        "rev": "fad2c951aa43b0a340de7cfa6149c5853e45c325",
        "type": "github"
      },
      "original": {
        "owner": "holochain",
        "ref": "holochain-0.5",
        "repo": "scaffolding",
        "type": "github"
      }
    },
    "hc-scaffold_6": {
      "flake": false,
      "locked": {
        "lastModified": 1743758995,
        "narHash": "sha256-TW5f8o3uJCf+WgPqoo676rmyGtAtUK888TnSyprK3lQ=",
        "owner": "holochain",
        "repo": "scaffolding",
        "rev": "fad2c951aa43b0a340de7cfa6149c5853e45c325",
        "type": "github"
      },
      "original": {
        "owner": "holochain",
        "ref": "holochain-0.5",
        "repo": "scaffolding",
        "type": "github"
      }
    },
    "hc-scaffold_7": {
      "flake": false,
      "locked": {
        "lastModified": 1743758995,
        "narHash": "sha256-TW5f8o3uJCf+WgPqoo676rmyGtAtUK888TnSyprK3lQ=",
        "owner": "holochain",
        "repo": "scaffolding",
        "rev": "fad2c951aa43b0a340de7cfa6149c5853e45c325",
        "type": "github"
      },
      "original": {
        "owner": "holochain",
        "ref": "holochain-0.5",
        "repo": "scaffolding",
        "type": "github"
      }
    },
    "holochain": {
      "flake": false,
      "locked": {
        "lastModified": 1745316048,
        "narHash": "sha256-aFB6M3Epw/IJDh/9Uf7TOf2lCP6q/9JmQ70K7beW5uY=",
        "owner": "holochain",
        "repo": "holochain",
        "rev": "7695d9111cc9ec7d7041907ae0c6b99b92e80d1a",
        "type": "github"
      },
      "original": {
        "owner": "holochain",
        "ref": "holochain-0.5.0",
        "repo": "holochain",
        "type": "github"
      }
    },
    "holochain-nix-builders": {
      "inputs": {
        "crane": [
          "p2p-shipyard",
          "holochain-nix-builders",
          "holonix",
          "crane"
        ],
        "holonix": "holonix_2",
        "nixpkgs": [
          "p2p-shipyard",
          "holochain-nix-builders",
          "holonix",
          "nixpkgs"
        ],
        "rust-overlay": [
          "p2p-shipyard",
          "holochain-nix-builders",
          "holonix",
          "rust-overlay"
        ]
      },
      "locked": {
        "lastModified": 1745420936,
        "narHash": "sha256-c/i/tkojog7vSChSeeM+ptBTYZ+99LZU35s38PlzAtw=",
        "owner": "darksoil-studio",
        "repo": "holochain-nix-builders",
        "rev": "cb2dfe084a96389d798f1a845db782ac0d37756f",
        "type": "github"
      },
      "original": {
        "owner": "darksoil-studio",
        "ref": "main-0.5",
        "repo": "holochain-nix-builders",
        "type": "github"
      }
    },
    "holochain-nix-builders_2": {
      "inputs": {
        "crane": [
          "p2p-shipyard",
          "scaffolding",
          "holochain-nix-builders",
          "holonix",
          "crane"
        ],
        "holonix": "holonix_4",
        "nixpkgs": [
          "p2p-shipyard",
          "scaffolding",
          "holochain-nix-builders",
          "holonix",
          "nixpkgs"
        ],
        "rust-overlay": [
          "p2p-shipyard",
          "scaffolding",
          "holochain-nix-builders",
          "holonix",
          "rust-overlay"
        ]
      },
      "locked": {
        "lastModified": 1745414297,
        "narHash": "sha256-bTTgzvv8EE9KysjgE2+HzbQha9autQgvM4HVMMq8Dyw=",
        "owner": "darksoil-studio",
        "repo": "holochain-nix-builders",
        "rev": "8782c8bc4a26c549efdf8f83900885a5c2e7c9bc",
        "type": "github"
      },
      "original": {
        "owner": "darksoil-studio",
        "ref": "main-0.5",
        "repo": "holochain-nix-builders",
        "type": "github"
      }
    },
    "holochain-nix-builders_3": {
      "inputs": {
        "crane": [
          "scaffolding",
          "holochain-nix-builders",
          "holonix",
          "crane"
        ],
        "holonix": "holonix_6",
        "nixpkgs": [
          "scaffolding",
          "holochain-nix-builders",
          "holonix",
          "nixpkgs"
        ],
        "rust-overlay": [
          "scaffolding",
          "holochain-nix-builders",
          "holonix",
          "rust-overlay"
        ]
      },
      "locked": {
        "lastModified": 1745414297,
        "narHash": "sha256-bTTgzvv8EE9KysjgE2+HzbQha9autQgvM4HVMMq8Dyw=",
        "owner": "darksoil-studio",
        "repo": "holochain-nix-builders",
        "rev": "8782c8bc4a26c549efdf8f83900885a5c2e7c9bc",
        "type": "github"
      },
      "original": {
        "owner": "darksoil-studio",
        "ref": "main-0.5",
        "repo": "holochain-nix-builders",
        "type": "github"
      }
    },
    "holochain_2": {
      "flake": false,
      "locked": {
        "lastModified": 1745406870,
        "narHash": "sha256-TFUE68qZ/Uq9qVJd8GjsHU5QSUL/t6UuS5JKkubjJBw=",
        "owner": "guillemcordoba",
        "repo": "holochain",
        "rev": "3d504988f730f6e0af26b45a344e9ca2c318cd96",
        "type": "github"
      },
      "original": {
        "owner": "guillemcordoba",
        "ref": "develop-0.5",
        "repo": "holochain",
        "type": "github"
      }
    },
    "holochain_3": {
      "flake": false,
      "locked": {
        "lastModified": 1745316048,
        "narHash": "sha256-aFB6M3Epw/IJDh/9Uf7TOf2lCP6q/9JmQ70K7beW5uY=",
        "owner": "holochain",
        "repo": "holochain",
        "rev": "7695d9111cc9ec7d7041907ae0c6b99b92e80d1a",
        "type": "github"
      },
      "original": {
        "owner": "holochain",
        "ref": "holochain-0.5.0",
        "repo": "holochain",
        "type": "github"
      }
    },
    "holochain_4": {
      "flake": false,
      "locked": {
        "lastModified": 1745406870,
        "narHash": "sha256-TFUE68qZ/Uq9qVJd8GjsHU5QSUL/t6UuS5JKkubjJBw=",
        "owner": "guillemcordoba",
        "repo": "holochain",
        "rev": "3d504988f730f6e0af26b45a344e9ca2c318cd96",
        "type": "github"
      },
      "original": {
        "owner": "guillemcordoba",
        "ref": "develop-0.5",
        "repo": "holochain",
        "type": "github"
      }
    },
    "holochain_5": {
      "flake": false,
      "locked": {
        "lastModified": 1745316048,
        "narHash": "sha256-aFB6M3Epw/IJDh/9Uf7TOf2lCP6q/9JmQ70K7beW5uY=",
        "owner": "holochain",
        "repo": "holochain",
        "rev": "7695d9111cc9ec7d7041907ae0c6b99b92e80d1a",
        "type": "github"
      },
      "original": {
        "owner": "holochain",
        "ref": "holochain-0.5.0",
        "repo": "holochain",
        "type": "github"
      }
    },
    "holochain_6": {
      "flake": false,
      "locked": {
        "lastModified": 1745406870,
        "narHash": "sha256-TFUE68qZ/Uq9qVJd8GjsHU5QSUL/t6UuS5JKkubjJBw=",
        "owner": "guillemcordoba",
        "repo": "holochain",
        "rev": "3d504988f730f6e0af26b45a344e9ca2c318cd96",
        "type": "github"
      },
      "original": {
        "owner": "guillemcordoba",
        "ref": "develop-0.5",
        "repo": "holochain",
        "type": "github"
      }
    },
    "holochain_7": {
      "flake": false,
      "locked": {
        "lastModified": 1745316048,
        "narHash": "sha256-aFB6M3Epw/IJDh/9Uf7TOf2lCP6q/9JmQ70K7beW5uY=",
        "owner": "holochain",
        "repo": "holochain",
        "rev": "7695d9111cc9ec7d7041907ae0c6b99b92e80d1a",
        "type": "github"
      },
      "original": {
        "owner": "holochain",
        "ref": "holochain-0.5.0",
        "repo": "holochain",
        "type": "github"
      }
    },
    "holonix": {
      "inputs": {
        "crane": "crane",
        "flake-parts": "flake-parts",
        "hc-launch": "hc-launch",
        "hc-scaffold": "hc-scaffold",
        "holochain": "holochain",
        "kitsune2": "kitsune2",
        "lair-keystore": "lair-keystore",
        "nixpkgs": "nixpkgs",
        "rust-overlay": "rust-overlay"
      },
      "locked": {
        "lastModified": 1745328900,
        "narHash": "sha256-PIpgG/SBHFNlTaIJs7nNLjEaNggGIMSCZWcH0Oh3lng=",
        "owner": "holochain",
        "repo": "holonix",
        "rev": "2999f71fa582ad529bff7770928fa21e1c9034b0",
        "type": "github"
      },
      "original": {
        "owner": "holochain",
        "ref": "main-0.5",
        "repo": "holonix",
        "type": "github"
      }
    },
    "holonix_2": {
      "inputs": {
        "crane": "crane_2",
        "flake-parts": "flake-parts_2",
        "hc-launch": "hc-launch_2",
        "hc-scaffold": "hc-scaffold_2",
        "holochain": "holochain_2",
        "kitsune2": "kitsune2_2",
        "lair-keystore": "lair-keystore_2",
        "nixpkgs": "nixpkgs_2",
        "rust-overlay": "rust-overlay_2"
      },
      "locked": {
        "lastModified": 1745328900,
        "narHash": "sha256-PIpgG/SBHFNlTaIJs7nNLjEaNggGIMSCZWcH0Oh3lng=",
        "owner": "holochain",
        "repo": "holonix",
        "rev": "2999f71fa582ad529bff7770928fa21e1c9034b0",
        "type": "github"
      },
      "original": {
        "owner": "holochain",
        "ref": "main-0.5",
        "repo": "holonix",
        "type": "github"
      }
    },
    "holonix_3": {
      "inputs": {
        "crane": "crane_3",
        "flake-parts": "flake-parts_3",
        "hc-launch": "hc-launch_3",
        "hc-scaffold": "hc-scaffold_3",
        "holochain": "holochain_3",
        "kitsune2": "kitsune2_3",
        "lair-keystore": "lair-keystore_3",
        "nixpkgs": "nixpkgs_3",
        "rust-overlay": "rust-overlay_3"
      },
      "locked": {
        "lastModified": 1745328900,
        "narHash": "sha256-PIpgG/SBHFNlTaIJs7nNLjEaNggGIMSCZWcH0Oh3lng=",
        "owner": "holochain",
        "repo": "holonix",
        "rev": "2999f71fa582ad529bff7770928fa21e1c9034b0",
        "type": "github"
      },
      "original": {
        "owner": "holochain",
        "ref": "main-0.5",
        "repo": "holonix",
        "type": "github"
      }
    },
    "holonix_4": {
      "inputs": {
        "crane": "crane_4",
        "flake-parts": "flake-parts_4",
        "hc-launch": "hc-launch_4",
        "hc-scaffold": "hc-scaffold_4",
        "holochain": "holochain_4",
        "kitsune2": "kitsune2_4",
        "lair-keystore": "lair-keystore_4",
        "nixpkgs": "nixpkgs_4",
        "rust-overlay": "rust-overlay_4"
      },
      "locked": {
        "lastModified": 1745328900,
        "narHash": "sha256-PIpgG/SBHFNlTaIJs7nNLjEaNggGIMSCZWcH0Oh3lng=",
        "owner": "holochain",
        "repo": "holonix",
        "rev": "2999f71fa582ad529bff7770928fa21e1c9034b0",
        "type": "github"
      },
      "original": {
        "owner": "holochain",
        "ref": "main-0.5",
        "repo": "holonix",
        "type": "github"
      }
    },
    "holonix_5": {
      "inputs": {
        "crane": "crane_5",
        "flake-parts": "flake-parts_5",
        "hc-launch": "hc-launch_5",
        "hc-scaffold": "hc-scaffold_5",
        "holochain": "holochain_5",
        "kitsune2": "kitsune2_5",
        "lair-keystore": "lair-keystore_5",
        "nixpkgs": "nixpkgs_5",
        "rust-overlay": "rust-overlay_5"
      },
      "locked": {
        "lastModified": 1745328900,
        "narHash": "sha256-PIpgG/SBHFNlTaIJs7nNLjEaNggGIMSCZWcH0Oh3lng=",
        "owner": "holochain",
        "repo": "holonix",
        "rev": "2999f71fa582ad529bff7770928fa21e1c9034b0",
        "type": "github"
      },
      "original": {
        "owner": "holochain",
        "ref": "main-0.5",
        "repo": "holonix",
        "type": "github"
      }
    },
    "holonix_6": {
      "inputs": {
        "crane": "crane_6",
        "flake-parts": "flake-parts_6",
        "hc-launch": "hc-launch_6",
        "hc-scaffold": "hc-scaffold_6",
        "holochain": "holochain_6",
        "kitsune2": "kitsune2_6",
        "lair-keystore": "lair-keystore_6",
        "nixpkgs": "nixpkgs_6",
        "rust-overlay": "rust-overlay_6"
      },
      "locked": {
        "lastModified": 1745328900,
        "narHash": "sha256-PIpgG/SBHFNlTaIJs7nNLjEaNggGIMSCZWcH0Oh3lng=",
        "owner": "holochain",
        "repo": "holonix",
        "rev": "2999f71fa582ad529bff7770928fa21e1c9034b0",
        "type": "github"
      },
      "original": {
        "owner": "holochain",
        "ref": "main-0.5",
        "repo": "holonix",
        "type": "github"
      }
    },
    "holonix_7": {
      "inputs": {
        "crane": "crane_7",
        "flake-parts": "flake-parts_7",
        "hc-launch": "hc-launch_7",
        "hc-scaffold": "hc-scaffold_7",
        "holochain": "holochain_7",
        "kitsune2": "kitsune2_7",
        "lair-keystore": "lair-keystore_7",
        "nixpkgs": "nixpkgs_7",
        "rust-overlay": "rust-overlay_7"
      },
      "locked": {
        "lastModified": 1745328900,
        "narHash": "sha256-PIpgG/SBHFNlTaIJs7nNLjEaNggGIMSCZWcH0Oh3lng=",
        "owner": "holochain",
        "repo": "holonix",
        "rev": "2999f71fa582ad529bff7770928fa21e1c9034b0",
        "type": "github"
      },
      "original": {
        "owner": "holochain",
        "ref": "main-0.5",
        "repo": "holonix",
        "type": "github"
      }
    },
    "kitsune2": {
      "flake": false,
      "locked": {
        "lastModified": 1744924693,
        "narHash": "sha256-d34dVCOXxTOR6bwLLIifD/lNAz90rmrjggUJ6uN+yV0=",
        "owner": "holochain",
        "repo": "kitsune2",
        "rev": "08ef58471ba0a4e3982ff13c5a41ce3cfbcadacd",
        "type": "github"
      },
      "original": {
        "owner": "holochain",
        "ref": "v0.1.5",
        "repo": "kitsune2",
        "type": "github"
      }
    },
    "kitsune2_2": {
      "flake": false,
      "locked": {
        "lastModified": 1744924693,
        "narHash": "sha256-d34dVCOXxTOR6bwLLIifD/lNAz90rmrjggUJ6uN+yV0=",
        "owner": "holochain",
        "repo": "kitsune2",
        "rev": "08ef58471ba0a4e3982ff13c5a41ce3cfbcadacd",
        "type": "github"
      },
      "original": {
        "owner": "holochain",
        "ref": "v0.1.5",
        "repo": "kitsune2",
        "type": "github"
      }
    },
    "kitsune2_3": {
      "flake": false,
      "locked": {
        "lastModified": 1744924693,
        "narHash": "sha256-d34dVCOXxTOR6bwLLIifD/lNAz90rmrjggUJ6uN+yV0=",
        "owner": "holochain",
        "repo": "kitsune2",
        "rev": "08ef58471ba0a4e3982ff13c5a41ce3cfbcadacd",
        "type": "github"
      },
      "original": {
        "owner": "holochain",
        "ref": "v0.1.5",
        "repo": "kitsune2",
        "type": "github"
      }
    },
    "kitsune2_4": {
      "flake": false,
      "locked": {
        "lastModified": 1744924693,
        "narHash": "sha256-d34dVCOXxTOR6bwLLIifD/lNAz90rmrjggUJ6uN+yV0=",
        "owner": "holochain",
        "repo": "kitsune2",
        "rev": "08ef58471ba0a4e3982ff13c5a41ce3cfbcadacd",
        "type": "github"
      },
      "original": {
        "owner": "holochain",
        "ref": "v0.1.5",
        "repo": "kitsune2",
        "type": "github"
      }
    },
    "kitsune2_5": {
      "flake": false,
      "locked": {
        "lastModified": 1744924693,
        "narHash": "sha256-d34dVCOXxTOR6bwLLIifD/lNAz90rmrjggUJ6uN+yV0=",
        "owner": "holochain",
        "repo": "kitsune2",
        "rev": "08ef58471ba0a4e3982ff13c5a41ce3cfbcadacd",
        "type": "github"
      },
      "original": {
        "owner": "holochain",
        "ref": "v0.1.5",
        "repo": "kitsune2",
        "type": "github"
      }
    },
    "kitsune2_6": {
      "flake": false,
      "locked": {
        "lastModified": 1744924693,
        "narHash": "sha256-d34dVCOXxTOR6bwLLIifD/lNAz90rmrjggUJ6uN+yV0=",
        "owner": "holochain",
        "repo": "kitsune2",
        "rev": "08ef58471ba0a4e3982ff13c5a41ce3cfbcadacd",
        "type": "github"
      },
      "original": {
        "owner": "holochain",
        "ref": "v0.1.5",
        "repo": "kitsune2",
        "type": "github"
      }
    },
    "kitsune2_7": {
      "flake": false,
      "locked": {
        "lastModified": 1744924693,
        "narHash": "sha256-d34dVCOXxTOR6bwLLIifD/lNAz90rmrjggUJ6uN+yV0=",
        "owner": "holochain",
        "repo": "kitsune2",
        "rev": "08ef58471ba0a4e3982ff13c5a41ce3cfbcadacd",
        "type": "github"
      },
      "original": {
        "owner": "holochain",
        "ref": "v0.1.5",
        "repo": "kitsune2",
        "type": "github"
      }
    },
    "lair-keystore": {
      "flake": false,
      "locked": {
        "lastModified": 1743699319,
        "narHash": "sha256-TUOS38v5ibCbpVqWWy64p0apeb8QcLdRX4xzHAdtvLA=",
        "owner": "holochain",
        "repo": "lair",
        "rev": "23cd5d1fc9cb1c5bec01621aeef8acae3ce333a6",
        "type": "github"
      },
      "original": {
        "owner": "holochain",
        "ref": "lair_keystore-v0.6.1",
        "repo": "lair",
        "type": "github"
      }
    },
    "lair-keystore_2": {
      "flake": false,
      "locked": {
        "lastModified": 1743699319,
        "narHash": "sha256-TUOS38v5ibCbpVqWWy64p0apeb8QcLdRX4xzHAdtvLA=",
        "owner": "holochain",
        "repo": "lair",
        "rev": "23cd5d1fc9cb1c5bec01621aeef8acae3ce333a6",
        "type": "github"
      },
      "original": {
        "owner": "holochain",
        "ref": "lair_keystore-v0.6.1",
        "repo": "lair",
        "type": "github"
      }
    },
    "lair-keystore_3": {
      "flake": false,
      "locked": {
        "lastModified": 1743699319,
        "narHash": "sha256-TUOS38v5ibCbpVqWWy64p0apeb8QcLdRX4xzHAdtvLA=",
        "owner": "holochain",
        "repo": "lair",
        "rev": "23cd5d1fc9cb1c5bec01621aeef8acae3ce333a6",
        "type": "github"
      },
      "original": {
        "owner": "holochain",
        "ref": "lair_keystore-v0.6.1",
        "repo": "lair",
        "type": "github"
      }
    },
    "lair-keystore_4": {
      "flake": false,
      "locked": {
        "lastModified": 1743699319,
        "narHash": "sha256-TUOS38v5ibCbpVqWWy64p0apeb8QcLdRX4xzHAdtvLA=",
        "owner": "holochain",
        "repo": "lair",
        "rev": "23cd5d1fc9cb1c5bec01621aeef8acae3ce333a6",
        "type": "github"
      },
      "original": {
        "owner": "holochain",
        "ref": "lair_keystore-v0.6.1",
        "repo": "lair",
        "type": "github"
      }
    },
    "lair-keystore_5": {
      "flake": false,
      "locked": {
        "lastModified": 1743699319,
        "narHash": "sha256-TUOS38v5ibCbpVqWWy64p0apeb8QcLdRX4xzHAdtvLA=",
        "owner": "holochain",
        "repo": "lair",
        "rev": "23cd5d1fc9cb1c5bec01621aeef8acae3ce333a6",
        "type": "github"
      },
      "original": {
        "owner": "holochain",
        "ref": "lair_keystore-v0.6.1",
        "repo": "lair",
        "type": "github"
      }
    },
    "lair-keystore_6": {
      "flake": false,
      "locked": {
        "lastModified": 1743699319,
        "narHash": "sha256-TUOS38v5ibCbpVqWWy64p0apeb8QcLdRX4xzHAdtvLA=",
        "owner": "holochain",
        "repo": "lair",
        "rev": "23cd5d1fc9cb1c5bec01621aeef8acae3ce333a6",
        "type": "github"
      },
      "original": {
        "owner": "holochain",
        "ref": "lair_keystore-v0.6.1",
        "repo": "lair",
        "type": "github"
      }
    },
    "lair-keystore_7": {
      "flake": false,
      "locked": {
        "lastModified": 1743699319,
        "narHash": "sha256-TUOS38v5ibCbpVqWWy64p0apeb8QcLdRX4xzHAdtvLA=",
        "owner": "holochain",
        "repo": "lair",
        "rev": "23cd5d1fc9cb1c5bec01621aeef8acae3ce333a6",
        "type": "github"
      },
      "original": {
        "owner": "holochain",
        "ref": "lair_keystore-v0.6.1",
        "repo": "lair",
        "type": "github"
      }
    },
    "nixpkgs": {
      "locked": {
        "lastModified": 1744440957,
        "narHash": "sha256-FHlSkNqFmPxPJvy+6fNLaNeWnF1lZSgqVCl/eWaJRc4=",
        "owner": "nixos",
        "repo": "nixpkgs",
        "rev": "26d499fc9f1d567283d5d56fcf367edd815dba1d",
        "type": "github"
      },
      "original": {
        "owner": "nixos",
        "ref": "nixos-24.11",
        "repo": "nixpkgs",
        "type": "github"
      }
    },
    "nixpkgs-lib": {
      "locked": {
        "lastModified": 1743296961,
        "narHash": "sha256-b1EdN3cULCqtorQ4QeWgLMrd5ZGOjLSLemfa00heasc=",
        "owner": "nix-community",
        "repo": "nixpkgs.lib",
        "rev": "e4822aea2a6d1cdd36653c134cacfd64c97ff4fa",
        "type": "github"
      },
      "original": {
        "owner": "nix-community",
        "repo": "nixpkgs.lib",
        "type": "github"
      }
    },
    "nixpkgs-lib_2": {
      "locked": {
        "lastModified": 1743296961,
        "narHash": "sha256-b1EdN3cULCqtorQ4QeWgLMrd5ZGOjLSLemfa00heasc=",
        "owner": "nix-community",
        "repo": "nixpkgs.lib",
        "rev": "e4822aea2a6d1cdd36653c134cacfd64c97ff4fa",
        "type": "github"
      },
      "original": {
        "owner": "nix-community",
        "repo": "nixpkgs.lib",
        "type": "github"
      }
    },
    "nixpkgs-lib_3": {
      "locked": {
        "lastModified": 1743296961,
        "narHash": "sha256-b1EdN3cULCqtorQ4QeWgLMrd5ZGOjLSLemfa00heasc=",
        "owner": "nix-community",
        "repo": "nixpkgs.lib",
        "rev": "e4822aea2a6d1cdd36653c134cacfd64c97ff4fa",
        "type": "github"
      },
      "original": {
        "owner": "nix-community",
        "repo": "nixpkgs.lib",
        "type": "github"
      }
    },
    "nixpkgs-lib_4": {
      "locked": {
        "lastModified": 1743296961,
        "narHash": "sha256-b1EdN3cULCqtorQ4QeWgLMrd5ZGOjLSLemfa00heasc=",
        "owner": "nix-community",
        "repo": "nixpkgs.lib",
        "rev": "e4822aea2a6d1cdd36653c134cacfd64c97ff4fa",
        "type": "github"
      },
      "original": {
        "owner": "nix-community",
        "repo": "nixpkgs.lib",
        "type": "github"
      }
    },
    "nixpkgs-lib_5": {
      "locked": {
        "lastModified": 1743296961,
        "narHash": "sha256-b1EdN3cULCqtorQ4QeWgLMrd5ZGOjLSLemfa00heasc=",
        "owner": "nix-community",
        "repo": "nixpkgs.lib",
        "rev": "e4822aea2a6d1cdd36653c134cacfd64c97ff4fa",
        "type": "github"
      },
      "original": {
        "owner": "nix-community",
        "repo": "nixpkgs.lib",
        "type": "github"
      }
    },
    "nixpkgs-lib_6": {
      "locked": {
        "lastModified": 1743296961,
        "narHash": "sha256-b1EdN3cULCqtorQ4QeWgLMrd5ZGOjLSLemfa00heasc=",
        "owner": "nix-community",
        "repo": "nixpkgs.lib",
        "rev": "e4822aea2a6d1cdd36653c134cacfd64c97ff4fa",
        "type": "github"
      },
      "original": {
        "owner": "nix-community",
        "repo": "nixpkgs.lib",
        "type": "github"
      }
    },
    "nixpkgs-lib_7": {
      "locked": {
        "lastModified": 1743296961,
        "narHash": "sha256-b1EdN3cULCqtorQ4QeWgLMrd5ZGOjLSLemfa00heasc=",
        "owner": "nix-community",
        "repo": "nixpkgs.lib",
        "rev": "e4822aea2a6d1cdd36653c134cacfd64c97ff4fa",
        "type": "github"
      },
      "original": {
        "owner": "nix-community",
        "repo": "nixpkgs.lib",
        "type": "github"
      }
    },
    "nixpkgs_2": {
      "locked": {
        "lastModified": 1744440957,
        "narHash": "sha256-FHlSkNqFmPxPJvy+6fNLaNeWnF1lZSgqVCl/eWaJRc4=",
        "owner": "nixos",
        "repo": "nixpkgs",
        "rev": "26d499fc9f1d567283d5d56fcf367edd815dba1d",
        "type": "github"
      },
      "original": {
        "owner": "nixos",
        "ref": "nixos-24.11",
        "repo": "nixpkgs",
        "type": "github"
      }
    },
    "nixpkgs_3": {
      "locked": {
        "lastModified": 1744440957,
        "narHash": "sha256-FHlSkNqFmPxPJvy+6fNLaNeWnF1lZSgqVCl/eWaJRc4=",
        "owner": "nixos",
        "repo": "nixpkgs",
        "rev": "26d499fc9f1d567283d5d56fcf367edd815dba1d",
        "type": "github"
      },
      "original": {
        "owner": "nixos",
        "ref": "nixos-24.11",
        "repo": "nixpkgs",
        "type": "github"
      }
    },
    "nixpkgs_4": {
      "locked": {
        "lastModified": 1744440957,
        "narHash": "sha256-FHlSkNqFmPxPJvy+6fNLaNeWnF1lZSgqVCl/eWaJRc4=",
        "owner": "nixos",
        "repo": "nixpkgs",
        "rev": "26d499fc9f1d567283d5d56fcf367edd815dba1d",
        "type": "github"
      },
      "original": {
        "owner": "nixos",
        "ref": "nixos-24.11",
        "repo": "nixpkgs",
        "type": "github"
      }
    },
    "nixpkgs_5": {
      "locked": {
        "lastModified": 1743576891,
        "narHash": "sha256-vXiKURtntURybE6FMNFAVpRPr8+e8KoLPrYs9TGuAKc=",
        "owner": "nixos",
        "repo": "nixpkgs",
        "rev": "44a69ed688786e98a101f02b712c313f1ade37ab",
        "type": "github"
      },
      "original": {
        "owner": "nixos",
        "ref": "nixos-24.11",
        "repo": "nixpkgs",
        "type": "github"
      }
    },
    "nixpkgs_6": {
      "locked": {
        "lastModified": 1744440957,
        "narHash": "sha256-FHlSkNqFmPxPJvy+6fNLaNeWnF1lZSgqVCl/eWaJRc4=",
        "owner": "nixos",
        "repo": "nixpkgs",
        "rev": "26d499fc9f1d567283d5d56fcf367edd815dba1d",
        "type": "github"
      },
      "original": {
        "owner": "nixos",
        "ref": "nixos-24.11",
        "repo": "nixpkgs",
        "type": "github"
      }
    },
    "nixpkgs_7": {
      "locked": {
        "lastModified": 1743576891,
        "narHash": "sha256-vXiKURtntURybE6FMNFAVpRPr8+e8KoLPrYs9TGuAKc=",
        "owner": "nixos",
        "repo": "nixpkgs",
        "rev": "44a69ed688786e98a101f02b712c313f1ade37ab",
        "type": "github"
      },
      "original": {
        "owner": "nixos",
        "ref": "nixos-24.11",
        "repo": "nixpkgs",
        "type": "github"
      }
    },
    "p2p-shipyard": {
      "inputs": {
        "crane": [
          "p2p-shipyard",
          "holonix",
          "crane"
        ],
        "holochain-nix-builders": "holochain-nix-builders",
        "holonix": "holonix_3",
        "nixpkgs": [
          "p2p-shipyard",
          "holonix",
          "nixpkgs"
        ],
        "rust-overlay": [
          "p2p-shipyard",
          "holonix",
          "rust-overlay"
        ],
        "scaffolding": "scaffolding"
      },
      "locked": {
        "lastModified": 1745497871,
        "narHash": "sha256-Y4/npZwk8Ci5ns8fSGo/U31JEsZgibPA866llPX/dcA=",
        "owner": "darksoil-studio",
        "repo": "p2p-shipyard",
        "rev": "a864f96a525275964acfcc63b83f00d49bc4dec7",
        "type": "github"
      },
      "original": {
        "owner": "darksoil-studio",
        "ref": "main-0.5",
        "repo": "p2p-shipyard",
        "type": "github"
      }
    },
    "root": {
      "inputs": {
        "holonix": "holonix",
        "nixpkgs": [
          "holonix",
          "nixpkgs"
        ],
        "p2p-shipyard": "p2p-shipyard",
        "scaffolding": "scaffolding_2"
      }
    },
    "rust-overlay": {
      "inputs": {
        "nixpkgs": [
          "holonix",
          "nixpkgs"
        ]
      },
      "locked": {
        "lastModified": 1745289264,
        "narHash": "sha256-7nt+UJ7qaIUe2J7BdnEEph9n2eKEwxUwKS/QIr091uA=",
        "owner": "oxalica",
        "repo": "rust-overlay",
        "rev": "3b7171858c20d5293360042936058fb0c4cb93a9",
        "type": "github"
      },
      "original": {
        "owner": "oxalica",
        "repo": "rust-overlay",
        "type": "github"
      }
    },
    "rust-overlay_2": {
      "inputs": {
        "nixpkgs": [
          "p2p-shipyard",
          "holochain-nix-builders",
          "holonix",
          "nixpkgs"
        ]
      },
      "locked": {
        "lastModified": 1745289264,
        "narHash": "sha256-7nt+UJ7qaIUe2J7BdnEEph9n2eKEwxUwKS/QIr091uA=",
        "owner": "oxalica",
        "repo": "rust-overlay",
        "rev": "3b7171858c20d5293360042936058fb0c4cb93a9",
        "type": "github"
      },
      "original": {
        "owner": "oxalica",
        "repo": "rust-overlay",
        "type": "github"
      }
    },
    "rust-overlay_3": {
      "inputs": {
        "nixpkgs": [
          "p2p-shipyard",
          "holonix",
          "nixpkgs"
        ]
      },
      "locked": {
        "lastModified": 1745289264,
        "narHash": "sha256-7nt+UJ7qaIUe2J7BdnEEph9n2eKEwxUwKS/QIr091uA=",
        "owner": "oxalica",
        "repo": "rust-overlay",
        "rev": "3b7171858c20d5293360042936058fb0c4cb93a9",
        "type": "github"
      },
      "original": {
        "owner": "oxalica",
        "repo": "rust-overlay",
        "type": "github"
      }
    },
    "rust-overlay_4": {
      "inputs": {
        "nixpkgs": [
          "p2p-shipyard",
          "scaffolding",
          "holochain-nix-builders",
          "holonix",
          "nixpkgs"
        ]
      },
      "locked": {
        "lastModified": 1745289264,
        "narHash": "sha256-7nt+UJ7qaIUe2J7BdnEEph9n2eKEwxUwKS/QIr091uA=",
        "owner": "oxalica",
        "repo": "rust-overlay",
        "rev": "3b7171858c20d5293360042936058fb0c4cb93a9",
        "type": "github"
      },
      "original": {
        "owner": "oxalica",
        "repo": "rust-overlay",
        "type": "github"
      }
    },
    "rust-overlay_5": {
      "inputs": {
        "nixpkgs": [
          "p2p-shipyard",
          "scaffolding",
          "holonix",
          "nixpkgs"
        ]
      },
      "locked": {
        "lastModified": 1743682350,
        "narHash": "sha256-S/MyKOFajCiBm5H5laoE59wB6w0NJ4wJG53iAPfYW3k=",
        "owner": "oxalica",
        "repo": "rust-overlay",
        "rev": "c4a8327b0f25d1d81edecbb6105f74d7cf9d7382",
        "type": "github"
      },
      "original": {
        "owner": "oxalica",
        "repo": "rust-overlay",
        "type": "github"
      }
    },
    "rust-overlay_6": {
      "inputs": {
        "nixpkgs": [
          "scaffolding",
          "holochain-nix-builders",
          "holonix",
          "nixpkgs"
        ]
      },
      "locked": {
        "lastModified": 1745289264,
        "narHash": "sha256-7nt+UJ7qaIUe2J7BdnEEph9n2eKEwxUwKS/QIr091uA=",
        "owner": "oxalica",
        "repo": "rust-overlay",
        "rev": "3b7171858c20d5293360042936058fb0c4cb93a9",
        "type": "github"
      },
      "original": {
        "owner": "oxalica",
        "repo": "rust-overlay",
        "type": "github"
      }
    },
    "rust-overlay_7": {
      "inputs": {
        "nixpkgs": [
          "scaffolding",
          "holonix",
          "nixpkgs"
        ]
      },
      "locked": {
        "lastModified": 1743682350,
        "narHash": "sha256-S/MyKOFajCiBm5H5laoE59wB6w0NJ4wJG53iAPfYW3k=",
        "owner": "oxalica",
        "repo": "rust-overlay",
        "rev": "c4a8327b0f25d1d81edecbb6105f74d7cf9d7382",
        "type": "github"
      },
      "original": {
        "owner": "oxalica",
        "repo": "rust-overlay",
        "type": "github"
      }
    },
    "scaffolding": {
      "inputs": {
        "crane": [
          "p2p-shipyard",
          "scaffolding",
          "holonix",
          "crane"
        ],
        "holochain-nix-builders": "holochain-nix-builders_2",
        "holonix": "holonix_5",
        "nixpkgs": [
          "p2p-shipyard",
          "scaffolding",
          "holonix",
          "nixpkgs"
        ],
        "rust-overlay": [
          "p2p-shipyard",
          "scaffolding",
          "holonix",
          "rust-overlay"
        ]
      },
      "locked": {
        "lastModified": 1745479826,
        "narHash": "sha256-FuLkI1q658El/NQiUXppEQGft9iWMk+siPHMY4vovMU=",
        "owner": "darksoil-studio",
        "repo": "scaffolding",
        "rev": "ae07dfecdfff31427f7f855c1d2472213732e559",
        "type": "github"
      },
      "original": {
        "owner": "darksoil-studio",
        "ref": "main-0.5",
        "repo": "scaffolding",
        "type": "github"
      }
    },
    "scaffolding_2": {
      "inputs": {
        "crane": [
          "scaffolding",
          "holonix",
          "crane"
        ],
        "holochain-nix-builders": "holochain-nix-builders_3",
        "holonix": "holonix_7",
        "nixpkgs": [
          "scaffolding",
          "holonix",
          "nixpkgs"
        ],
        "rust-overlay": [
          "scaffolding",
          "holonix",
          "rust-overlay"
        ]
      },
      "locked": {
        "lastModified": 1745479826,
        "narHash": "sha256-FuLkI1q658El/NQiUXppEQGft9iWMk+siPHMY4vovMU=",
        "owner": "darksoil-studio",
        "repo": "scaffolding",
        "rev": "ae07dfecdfff31427f7f855c1d2472213732e559",
        "type": "github"
      },
      "original": {
        "owner": "darksoil-studio",
        "ref": "main-0.5",
        "repo": "scaffolding",
        "type": "github"
      }
    }
  },
  "root": "root",
  "version": 7
}
